{
  "name": "ht-adventure-game",
  "version": "1.0.0",
  "lockfileVersion": 3,
  "requires": true,
  "packages": {
    "": {
      "name": "ht-adventure-game",
      "version": "1.0.0",
      "license": "ISC",
      "dependencies": {
        "chalk": "^5.3.0"
      },
      "bin": {
        "ht-adventure-game": "index.js"
      },
      "devDependencies": {
        "@types/chalk-animation": "^1.6.3",
        "@types/node": "^20.11.19"
      }
    },
    "node_modules/@types/chalk-animation": {
      "version": "1.6.3",
      "resolved": "https://registry.npmjs.org/@types/chalk-animation/-/chalk-animation-1.6.3.tgz",
      "integrity": "sha512-UdaYgzPvgOAJY+5cn3y1rQK5EpJDJOBivF5ftFxe5lNruU1/zTPkmh11iVvRd8tyzVwx92QQLaAWi1fpBAj7aw==",
      "dev": true
    },
    "node_modules/@types/node": {
      "version": "20.11.19",
      "resolved": "https://registry.npmjs.org/@types/node/-/node-20.11.19.tgz",
      "integrity": "sha512-7xMnVEcZFu0DikYjWOlRq7NTPETrm7teqUT2WkQjrTIkEgUyyGdWsj/Zg8bEJt5TNklzbPD1X3fqfsHw3SpapQ==",
      "dev": true,
      "dependencies": {
        "undici-types": "~5.26.4"
      }
    },
    "node_modules/chalk": {
      "version": "5.3.0",
      "resolved": "https://registry.npmjs.org/chalk/-/chalk-5.3.0.tgz",
      "integrity": "sha512-dLitG79d+GV1Nb/VYcCDFivJeK1hiukt9QjRNVOsUtTy1rR1YJsmpGGTZ3qJos+uw7WmWF4wUwBd9jxjocFC2w==",
      "engines": {
        "node": "^12.17.0 || ^14.13 || >=16.0.0"
      },
      "funding": {
        "url": "https://github.com/chalk/chalk?sponsor=1"
      }
    },
    "node_modules/undici-types": {
      "version": "5.26.5",
      "resolved": "https://registry.npmjs.org/undici-types/-/undici-types-5.26.5.tgz",
      "integrity": "sha512-JlCMO+ehdEIKqlFxk6IfVoAUVmgz7cU7zD/h9XZ0qzeosSHmUJVOzSQvvYSYWXkFXC+IfLKSIffhv0sVZup6pA==",
      "dev": true
    }
  }
}
